{
    "version": 3,
    "terraform_version": "0.10.3",
    "serial": 9,
    "lineage": "4194e694-3060-406f-9c31-e44ecc62016a",
    "modules": [
        {
            "path": [
                "root"
            ],
            "outputs": {},
            "resources": {
                "aws_cloudfront_distribution.cdn": {
                    "type": "aws_cloudfront_distribution",
                    "depends_on": [
                        "aws_cloudfront_origin_access_identity.origin_access_identity",
                        "aws_s3_bucket.website_bucket"
                    ],
                    "primary": {
                        "id": "EZQ838BN3PQFN",
                        "attributes": {
                            "active_trusted_signers.%": "2",
                            "active_trusted_signers.enabled": "false",
                            "active_trusted_signers.items.#": "0",
                            "aliases.#": "2",
                            "aliases.1307383206": "sarahconnor.tech",
                            "aliases.4113843944": "www.sarahconnor.tech",
                            "arn": "arn:aws:cloudfront::438801383197:distribution/EZQ838BN3PQFN",
                            "cache_behavior.#": "0",
                            "caller_reference": "2017-09-05T09:25:18.627588674+01:00",
                            "custom_error_response.#": "0",
                            "default_cache_behavior.#": "1",
                            "default_cache_behavior.19049911.allowed_methods.#": "7",
                            "default_cache_behavior.19049911.allowed_methods.0": "HEAD",
                            "default_cache_behavior.19049911.allowed_methods.1": "DELETE",
                            "default_cache_behavior.19049911.allowed_methods.2": "POST",
                            "default_cache_behavior.19049911.allowed_methods.3": "GET",
                            "default_cache_behavior.19049911.allowed_methods.4": "OPTIONS",
                            "default_cache_behavior.19049911.allowed_methods.5": "PUT",
                            "default_cache_behavior.19049911.allowed_methods.6": "PATCH",
                            "default_cache_behavior.19049911.cached_methods.#": "2",
                            "default_cache_behavior.19049911.cached_methods.0": "HEAD",
                            "default_cache_behavior.19049911.cached_methods.1": "GET",
                            "default_cache_behavior.19049911.compress": "false",
                            "default_cache_behavior.19049911.default_ttl": "3600",
                            "default_cache_behavior.19049911.forwarded_values.#": "1",
                            "default_cache_behavior.19049911.forwarded_values.2555876073.cookies.#": "1",
                            "default_cache_behavior.19049911.forwarded_values.2555876073.cookies.2625240281.forward": "none",
                            "default_cache_behavior.19049911.forwarded_values.2555876073.cookies.2625240281.whitelisted_names.#": "0",
                            "default_cache_behavior.19049911.forwarded_values.2555876073.headers.#": "0",
                            "default_cache_behavior.19049911.forwarded_values.2555876073.query_string": "true",
                            "default_cache_behavior.19049911.forwarded_values.2555876073.query_string_cache_keys.#": "0",
                            "default_cache_behavior.19049911.lambda_function_association.#": "0",
                            "default_cache_behavior.19049911.max_ttl": "86400",
                            "default_cache_behavior.19049911.min_ttl": "0",
                            "default_cache_behavior.19049911.smooth_streaming": "false",
                            "default_cache_behavior.19049911.target_origin_id": "website_bucket_origin",
                            "default_cache_behavior.19049911.trusted_signers.#": "0",
                            "default_cache_behavior.19049911.viewer_protocol_policy": "allow-all",
                            "default_root_object": "index.html",
                            "domain_name": "d3sf7gvh0rutf3.cloudfront.net",
                            "enabled": "true",
                            "etag": "E2TD037ED8SOPD",
                            "hosted_zone_id": "Z2FDTNDATAQYW2",
                            "http_version": "http2",
                            "id": "EZQ838BN3PQFN",
                            "in_progress_validation_batches": "0",
                            "is_ipv6_enabled": "false",
                            "last_modified_time": "2017-09-07 07:21:34.058 +0000 UTC",
                            "logging_config.#": "0",
                            "origin.#": "1",
                            "origin.4198548804.custom_header.#": "0",
                            "origin.4198548804.custom_origin_config.#": "0",
                            "origin.4198548804.domain_name": "sarahconnor.tech.s3.amazonaws.com",
                            "origin.4198548804.origin_id": "website_bucket_origin",
                            "origin.4198548804.origin_path": "",
                            "origin.4198548804.s3_origin_config.#": "1",
                            "origin.4198548804.s3_origin_config.3350626017.origin_access_identity": "origin-access-identity/cloudfront/E21RIFTY3V0OMS",
                            "price_class": "PriceClass_200",
                            "restrictions.#": "1",
                            "restrictions.1097372288.geo_restriction.#": "1",
                            "restrictions.1097372288.geo_restriction.2625240281.locations.#": "0",
                            "restrictions.1097372288.geo_restriction.2625240281.restriction_type": "none",
                            "retain_on_delete": "true",
                            "status": "Deployed",
                            "tags.%": "0",
                            "viewer_certificate.#": "1",
                            "viewer_certificate.2654384193.acm_certificate_arn": "",
                            "viewer_certificate.2654384193.cloudfront_default_certificate": "true",
                            "viewer_certificate.2654384193.iam_certificate_id": "",
                            "viewer_certificate.2654384193.minimum_protocol_version": "SSLv3",
                            "viewer_certificate.2654384193.ssl_support_method": "",
                            "web_acl_id": ""
                        },
                        "meta": {},
                        "tainted": false
                    },
                    "deposed": [],
                    "provider": "aws"
                },
                "aws_cloudfront_origin_access_identity.origin_access_identity": {
                    "type": "aws_cloudfront_origin_access_identity",
                    "depends_on": [],
                    "primary": {
                        "id": "E21RIFTY3V0OMS",
                        "attributes": {
                            "caller_reference": "2017-09-05T09:06:42.385059359+01:00",
                            "cloudfront_access_identity_path": "origin-access-identity/cloudfront/E21RIFTY3V0OMS",
                            "comment": "cloudfront id",
                            "etag": "E2LL3G19UPRJV6",
                            "iam_arn": "arn:aws:iam::cloudfront:user/CloudFront Origin Access Identity E21RIFTY3V0OMS",
                            "id": "E21RIFTY3V0OMS",
                            "s3_canonical_user_id": "1d759e4b8342d58d3b9e56049dc4bff8a88315890f2d0aaba01fbb47a7cf8f55f79c13dbdd77eb81b089523d1c5ab309"
                        },
                        "meta": {},
                        "tainted": false
                    },
                    "deposed": [],
                    "provider": ""
                },
                "aws_route53_record.route53_to_cdn": {
                    "type": "aws_route53_record",
                    "depends_on": [
                        "aws_cloudfront_distribution.cdn",
                        "aws_route53_zone.route53_zone"
                    ],
                    "primary": {
                        "id": "Z185VLUHMMLNLA_cdn.sarahconnor.tech_A",
                        "attributes": {
                            "alias.#": "1",
                            "alias.1217420654.evaluate_target_health": "false",
                            "alias.1217420654.name": "d3sf7gvh0rutf3.cloudfront.net",
                            "alias.1217420654.zone_id": "Z2FDTNDATAQYW2",
                            "fqdn": "cdn.sarahconnor.tech",
                            "health_check_id": "",
                            "id": "Z185VLUHMMLNLA_cdn.sarahconnor.tech_A",
                            "name": "cdn.sarahconnor.tech",
                            "records.#": "0",
                            "set_identifier": "",
                            "ttl": "0",
                            "type": "A",
                            "zone_id": "Z185VLUHMMLNLA"
                        },
                        "meta": {
                            "schema_version": "2"
                        },
                        "tainted": false
                    },
                    "deposed": [],
                    "provider": "aws"
                },
                "aws_route53_zone.route53_zone": {
                    "type": "aws_route53_zone",
                    "depends_on": [],
                    "primary": {
                        "id": "Z185VLUHMMLNLA",
                        "attributes": {
                            "comment": "Managed by Terraform",
                            "force_destroy": "false",
                            "id": "Z185VLUHMMLNLA",
                            "name": "sarahconnor.tech",
                            "name_servers.#": "4",
                            "name_servers.0": "ns-1432.awsdns-51.org",
                            "name_servers.1": "ns-2020.awsdns-60.co.uk",
                            "name_servers.2": "ns-416.awsdns-52.com",
                            "name_servers.3": "ns-757.awsdns-30.net",
                            "tags.%": "0",
                            "zone_id": "Z185VLUHMMLNLA"
                        },
                        "meta": {},
                        "tainted": false
                    },
                    "deposed": [],
                    "provider": "aws"
                },
                "aws_s3_bucket.website_bucket": {
                    "type": "aws_s3_bucket",
                    "depends_on": [],
                    "primary": {
                        "id": "sarahconnor.tech",
                        "attributes": {
                            "acceleration_status": "",
                            "acl": "public-read",
                            "arn": "arn:aws:s3:::sarahconnor.tech",
                            "bucket": "sarahconnor.tech",
                            "bucket_domain_name": "sarahconnor.tech.s3.amazonaws.com",
                            "force_destroy": "false",
                            "hosted_zone_id": "Z3AQBSTGFYJSTF",
                            "id": "sarahconnor.tech",
                            "logging.#": "0",
                            "policy": "{\"Id\":\"bucket_policy_site\",\"Statement\":[{\"Action\":\"s3:GetObject\",\"Effect\":\"Allow\",\"Principal\":\"*\",\"Resource\":\"arn:aws:s3:::sarahconnor.tech/*\",\"Sid\":\"bucket_policy_site_main\"}],\"Version\":\"2012-10-17\"}",
                            "region": "us-east-1",
                            "request_payer": "BucketOwner",
                            "tags.%": "0",
                            "versioning.#": "1",
                            "versioning.0.enabled": "false",
                            "versioning.0.mfa_delete": "false",
                            "website.#": "1",
                            "website.0.error_document": "error.html",
                            "website.0.index_document": "index.html",
                            "website.0.redirect_all_requests_to": "",
                            "website.0.routing_rules": "",
                            "website_domain": "s3-website-us-east-1.amazonaws.com",
                            "website_endpoint": "sarahconnor.tech.s3-website-us-east-1.amazonaws.com"
                        },
                        "meta": {},
                        "tainted": false
                    },
                    "deposed": [],
                    "provider": ""
                },
                "aws_s3_bucket.website_redirect_bucket": {
                    "type": "aws_s3_bucket",
                    "depends_on": [],
                    "primary": {
                        "id": "www.sarahconnor.tech",
                        "attributes": {
                            "acceleration_status": "",
                            "acl": "public-read",
                            "arn": "arn:aws:s3:::www.sarahconnor.tech",
                            "bucket": "www.sarahconnor.tech",
                            "bucket_domain_name": "www.sarahconnor.tech.s3.amazonaws.com",
                            "force_destroy": "false",
                            "hosted_zone_id": "Z3AQBSTGFYJSTF",
                            "id": "www.sarahconnor.tech",
                            "logging.#": "0",
                            "policy": "{\"Id\":\"bucket_policy_site\",\"Statement\":[{\"Action\":\"s3:GetObject\",\"Effect\":\"Allow\",\"Principal\":\"*\",\"Resource\":\"arn:aws:s3:::www.sarahconnor.tech/*\",\"Sid\":\"bucket_policy_site_main\"}],\"Version\":\"2012-10-17\"}",
                            "region": "us-east-1",
                            "request_payer": "BucketOwner",
                            "tags.%": "0",
                            "versioning.#": "1",
                            "versioning.0.enabled": "false",
                            "versioning.0.mfa_delete": "false",
                            "website.#": "1",
                            "website.0.error_document": "",
                            "website.0.index_document": "",
                            "website.0.redirect_all_requests_to": "http://sarahconnor.tech",
                            "website.0.routing_rules": "",
                            "website_domain": "s3-website-us-east-1.amazonaws.com",
                            "website_endpoint": "www.sarahconnor.tech.s3-website-us-east-1.amazonaws.com"
                        },
                        "meta": {},
                        "tainted": false
                    },
                    "deposed": [],
                    "provider": ""
                }
            },
            "depends_on": []
        }
    ]
}
